
Microsoft Visual Studio Solution File, Format Version 12.00
# Visual Studio Version 16
VisualStudioVersion = 16.0.30011.22
MinimumVisualStudioVersion = 10.0.40219.1
Project("{FAE04EC0-301F-11D3-BF4B-00C04F79EFBC}") = "EmailAPI", "KontactKeepers\EmailAPI.csproj", "{A17851FF-4DB0-4C73-BCBF-45F53396497B}"
EndProject
Project("{FAE04EC0-301F-11D3-BF4B-00C04F79EFBC}") = "BusinessLogic", "BusinessLogic\BusinessLogic.csproj", "{708C10D2-127A-47E8-BA70-D9A5420BF0FF}"
EndProject
Project("{FAE04EC0-301F-11D3-BF4B-00C04F79EFBC}") = "Interface", "Interface\Interface.csproj", "{1944A3AB-C77D-4BE0-97BD-023F42F84D48}"
EndProject
Project("{FAE04EC0-301F-11D3-BF4B-00C04F79EFBC}") = "FacebookAPI", "FacebookAPI\FacebookAPI.csproj", "{72363B24-33F7-428B-A1ED-AF1D6AB75A28}"
EndProject
Global
	GlobalSection(SolutionConfigurationPlatforms) = preSolution
		Debug|Any CPU = Debug|Any CPU
		Release|Any CPU = Release|Any CPU
	EndGlobalSection
	GlobalSection(ProjectConfigurationPlatforms) = postSolution
		{A17851FF-4DB0-4C73-BCBF-45F53396497B}.Debug|Any CPU.ActiveCfg = Debug|Any CPU
		{A17851FF-4DB0-4C73-BCBF-45F53396497B}.Debug|Any CPU.Build.0 = Debug|Any CPU
		{A17851FF-4DB0-4C73-BCBF-45F53396497B}.Release|Any CPU.ActiveCfg = Release|Any CPU
		{A17851FF-4DB0-4C73-BCBF-45F53396497B}.Release|Any CPU.Build.0 = Release|Any CPU
		{708C10D2-127A-47E8-BA70-D9A5420BF0FF}.Debug|Any CPU.ActiveCfg = Debug|Any CPU
		{708C10D2-127A-47E8-BA70-D9A5420BF0FF}.Debug|Any CPU.Build.0 = Debug|Any CPU
		{708C10D2-127A-47E8-BA70-D9A5420BF0FF}.Release|Any CPU.ActiveCfg = Release|Any CPU
		{708C10D2-127A-47E8-BA70-D9A5420BF0FF}.Release|Any CPU.Build.0 = Release|Any CPU
		{1944A3AB-C77D-4BE0-97BD-023F42F84D48}.Debug|Any CPU.ActiveCfg = Debug|Any CPU
		{1944A3AB-C77D-4BE0-97BD-023F42F84D48}.Debug|Any CPU.Build.0 = Debug|Any CPU
		{1944A3AB-C77D-4BE0-97BD-023F42F84D48}.Release|Any CPU.ActiveCfg = Release|Any CPU
		{1944A3AB-C77D-4BE0-97BD-023F42F84D48}.Release|Any CPU.Build.0 = Release|Any CPU
		{72363B24-33F7-428B-A1ED-AF1D6AB75A28}.Debug|Any CPU.ActiveCfg = Debug|Any CPU
		{72363B24-33F7-428B-A1ED-AF1D6AB75A28}.Debug|Any CPU.Build.0 = Debug|Any CPU
		{72363B24-33F7-428B-A1ED-AF1D6AB75A28}.Release|Any CPU.ActiveCfg = Release|Any CPU
		{72363B24-33F7-428B-A1ED-AF1D6AB75A28}.Release|Any CPU.Build.0 = Release|Any CPU
	EndGlobalSection
	GlobalSection(SolutionProperties) = preSolution
		HideSolutionNode = FALSE
	EndGlobalSection
	GlobalSection(ExtensibilityGlobals) = postSolution
		SolutionGuid = {313BAFD2-785F-4EA3-9760-7394C26AB5B9}
	EndGlobalSection
EndGlobal
